
Microsoft Visual Studio Solution File, Format Version 12.00
# Visual Studio Version 17
VisualStudioVersion = 17.4.33205.214
MinimumVisualStudioVersion = 10.0.40219.1
Project("{FAE04EC0-301F-11D3-BF4B-00C04F79EFBC}") = "SWP", "SWP\SWP.csproj", "{20870DEA-C1A7-4729-887D-B331CC4145DB}"
EndProject
Global
	GlobalSection(SolutionConfigurationPlatforms) = preSolution
		Debug|Any CPU = Debug|Any CPU
		Release|Any CPU = Release|Any CPU
	EndGlobalSection
	GlobalSection(ProjectConfigurationPlatforms) = postSolution
		{20870DEA-C1A7-4729-887D-B331CC4145DB}.Debug|Any CPU.ActiveCfg = Debug|Any CPU
		{20870DEA-C1A7-4729-887D-B331CC4145DB}.Debug|Any CPU.Build.0 = Debug|Any CPU
		{20870DEA-C1A7-4729-887D-B331CC4145DB}.Release|Any CPU.ActiveCfg = Release|Any CPU
		{20870DEA-C1A7-4729-887D-B331CC4145DB}.Release|Any CPU.Build.0 = Release|Any CPU
	EndGlobalSection
	GlobalSection(SolutionProperties) = preSolution
		HideSolutionNode = FALSE
	EndGlobalSection
	GlobalSection(ExtensibilityGlobals) = postSolution
		SolutionGuid = {A3D7573B-B0B0-4B95-89D4-DB36788F9280}
	EndGlobalSection
EndGlobal
